
Microsoft Visual Studio Solution File, Format Version 12.00
# Visual Studio 15
VisualStudioVersion = 15.0.26124.0
MinimumVisualStudioVersion = 15.0.26124.0
Project("{2150E333-8FDC-42A3-9474-1A3956D46DE8}") = "src", "src", "{AE180E28-0DAD-4610-94E8-31C73B782945}"
EndProject
Project("{FAE04EC0-301F-11D3-BF4B-00C04F79EFBC}") = "Twelve.Api", "src\Twelve.Api\Twelve.Api.csproj", "{00D60E83-B4B9-49C1-8FB1-52A75F8BE00C}"
EndProject
Global
	GlobalSection(SolutionConfigurationPlatforms) = preSolution
		Debug|Any CPU = Debug|Any CPU
		Debug|x64 = Debug|x64
		Debug|x86 = Debug|x86
		Release|Any CPU = Release|Any CPU
		Release|x64 = Release|x64
		Release|x86 = Release|x86
	EndGlobalSection
	GlobalSection(SolutionProperties) = preSolution
		HideSolutionNode = FALSE
	EndGlobalSection
	GlobalSection(ProjectConfigurationPlatforms) = postSolution
		{00D60E83-B4B9-49C1-8FB1-52A75F8BE00C}.Debug|Any CPU.ActiveCfg = Debug|Any CPU
		{00D60E83-B4B9-49C1-8FB1-52A75F8BE00C}.Debug|Any CPU.Build.0 = Debug|Any CPU
		{00D60E83-B4B9-49C1-8FB1-52A75F8BE00C}.Debug|x64.ActiveCfg = Debug|x64
		{00D60E83-B4B9-49C1-8FB1-52A75F8BE00C}.Debug|x64.Build.0 = Debug|x64
		{00D60E83-B4B9-49C1-8FB1-52A75F8BE00C}.Debug|x86.ActiveCfg = Debug|x86
		{00D60E83-B4B9-49C1-8FB1-52A75F8BE00C}.Debug|x86.Build.0 = Debug|x86
		{00D60E83-B4B9-49C1-8FB1-52A75F8BE00C}.Release|Any CPU.ActiveCfg = Release|Any CPU
		{00D60E83-B4B9-49C1-8FB1-52A75F8BE00C}.Release|Any CPU.Build.0 = Release|Any CPU
		{00D60E83-B4B9-49C1-8FB1-52A75F8BE00C}.Release|x64.ActiveCfg = Release|x64
		{00D60E83-B4B9-49C1-8FB1-52A75F8BE00C}.Release|x64.Build.0 = Release|x64
		{00D60E83-B4B9-49C1-8FB1-52A75F8BE00C}.Release|x86.ActiveCfg = Release|x86
		{00D60E83-B4B9-49C1-8FB1-52A75F8BE00C}.Release|x86.Build.0 = Release|x86
	EndGlobalSection
	GlobalSection(NestedProjects) = preSolution
		{00D60E83-B4B9-49C1-8FB1-52A75F8BE00C} = {AE180E28-0DAD-4610-94E8-31C73B782945}
	EndGlobalSection
EndGlobal
